
Microsoft Visual Studio Solution File, Format Version 12.00
# Visual Studio Version 16
VisualStudioVersion = 16.0.30804.86
MinimumVisualStudioVersion = 10.0.40219.1
Project("{FAE04EC0-301F-11D3-BF4B-00C04F79EFBC}") = "Win+R", "Win+R\Win+R.csproj", "{B071B69D-00A8-4386-A2F8-AB459B13BFBF}"
EndProject
Global
	GlobalSection(SolutionConfigurationPlatforms) = preSolution
		Debug|Any CPU = Debug|Any CPU
		Release|Any CPU = Release|Any CPU
	EndGlobalSection
	GlobalSection(ProjectConfigurationPlatforms) = postSolution
		{B071B69D-00A8-4386-A2F8-AB459B13BFBF}.Debug|Any CPU.ActiveCfg = Debug|Any CPU
		{B071B69D-00A8-4386-A2F8-AB459B13BFBF}.Debug|Any CPU.Build.0 = Debug|Any CPU
		{B071B69D-00A8-4386-A2F8-AB459B13BFBF}.Release|Any CPU.ActiveCfg = Release|Any CPU
		{B071B69D-00A8-4386-A2F8-AB459B13BFBF}.Release|Any CPU.Build.0 = Release|Any CPU
	EndGlobalSection
	GlobalSection(SolutionProperties) = preSolution
		HideSolutionNode = FALSE
	EndGlobalSection
	GlobalSection(ExtensibilityGlobals) = postSolution
		SolutionGuid = {507FD162-F303-4C74-8581-9492C791276E}
	EndGlobalSection
EndGlobal
